{
  "R": {
    "Version": "3.6.2",
    "Repositories": [
      {
        "Name": null,
        "URL": "http://cran-r.c3sl.ufpr.br"
      }
    ]
  },
  "Packages": {
    "mvtnorm": {
      "Package": "mvtnorm",
      "Version": "1.0-12",
      "Source": "Repository",
      "Repository": "CRAN",
      "Hash": "e5cf1b1d61a72646afbab28a20e9bd54"
    },
    "renv": {
      "Package": "renv",
      "Version": "0.9.2-33",
      "Source": "GitHub",
      "RemoteType": "github",
      "RemoteHost": "api.github.com",
      "RemoteRepo": "renv",
      "RemoteUsername": "rstudio",
      "RemoteRef": "master",
      "RemoteSha": "137a85feb93f6ad7a90379e3e6b119acc2d01f02",
      "Hash": "36c8c1e8a7cee9c4f1ad872fe24655b8"
    }
  }
}
